
Microsoft Visual Studio Solution File, Format Version 12.00
# Visual Studio 15
VisualStudioVersion = 15.0.27130.2036
MinimumVisualStudioVersion = 10.0.40219.1
Project("{FAE04EC0-301F-11D3-BF4B-00C04F79EFBC}") = "Fehlersuche_mit_Unittests", "Fehlersuche_mit_Unittests\Fehlersuche_mit_Unittests.csproj", "{ACD8CE51-38EA-4259-8A71-2E59BE1576AA}"
EndProject
Project("{FAE04EC0-301F-11D3-BF4B-00C04F79EFBC}") = "Unittests_zur_Fehlersuche", "Unittests_zur_Fehlersuche\Unittests_zur_Fehlersuche.csproj", "{9E5C8B94-A3DB-4C92-ADF4-B8AC5336B4A9}"
EndProject
Global
	GlobalSection(SolutionConfigurationPlatforms) = preSolution
		Debug|Any CPU = Debug|Any CPU
		Release|Any CPU = Release|Any CPU
	EndGlobalSection
	GlobalSection(ProjectConfigurationPlatforms) = postSolution
		{ACD8CE51-38EA-4259-8A71-2E59BE1576AA}.Debug|Any CPU.ActiveCfg = Debug|Any CPU
		{ACD8CE51-38EA-4259-8A71-2E59BE1576AA}.Debug|Any CPU.Build.0 = Debug|Any CPU
		{ACD8CE51-38EA-4259-8A71-2E59BE1576AA}.Release|Any CPU.ActiveCfg = Release|Any CPU
		{ACD8CE51-38EA-4259-8A71-2E59BE1576AA}.Release|Any CPU.Build.0 = Release|Any CPU
		{9E5C8B94-A3DB-4C92-ADF4-B8AC5336B4A9}.Debug|Any CPU.ActiveCfg = Debug|Any CPU
		{9E5C8B94-A3DB-4C92-ADF4-B8AC5336B4A9}.Debug|Any CPU.Build.0 = Debug|Any CPU
		{9E5C8B94-A3DB-4C92-ADF4-B8AC5336B4A9}.Release|Any CPU.ActiveCfg = Release|Any CPU
		{9E5C8B94-A3DB-4C92-ADF4-B8AC5336B4A9}.Release|Any CPU.Build.0 = Release|Any CPU
	EndGlobalSection
	GlobalSection(SolutionProperties) = preSolution
		HideSolutionNode = FALSE
	EndGlobalSection
	GlobalSection(ExtensibilityGlobals) = postSolution
		SolutionGuid = {F885F9BB-214F-4B8E-ACBF-99C128756F3E}
	EndGlobalSection
EndGlobal
